
Microsoft Visual Studio Solution File, Format Version 12.00
# Visual Studio Version 17
VisualStudioVersion = 17.2.32630.192
MinimumVisualStudioVersion = 10.0.40219.1
Project("{FAE04EC0-301F-11D3-BF4B-00C04F79EFBC}") = "Lab3.4", "Lab3.4\Lab3.4.csproj", "{AB35C7E8-7A63-4516-8535-02DE83E39592}"
EndProject
Global
	GlobalSection(SolutionConfigurationPlatforms) = preSolution
		Debug|Any CPU = Debug|Any CPU
		Release|Any CPU = Release|Any CPU
	EndGlobalSection
	GlobalSection(ProjectConfigurationPlatforms) = postSolution
		{AB35C7E8-7A63-4516-8535-02DE83E39592}.Debug|Any CPU.ActiveCfg = Debug|Any CPU
		{AB35C7E8-7A63-4516-8535-02DE83E39592}.Debug|Any CPU.Build.0 = Debug|Any CPU
		{AB35C7E8-7A63-4516-8535-02DE83E39592}.Release|Any CPU.ActiveCfg = Release|Any CPU
		{AB35C7E8-7A63-4516-8535-02DE83E39592}.Release|Any CPU.Build.0 = Release|Any CPU
	EndGlobalSection
	GlobalSection(SolutionProperties) = preSolution
		HideSolutionNode = FALSE
	EndGlobalSection
	GlobalSection(ExtensibilityGlobals) = postSolution
		SolutionGuid = {53E73E9D-112E-4D14-A207-9BF4FE95DD5D}
	EndGlobalSection
EndGlobal
